{
  "nodes": {
    "cachyos-kernel": {
      "inputs": {
        "cachyos-kernel": "cachyos-kernel_2",
        "cachyos-kernel-patches": "cachyos-kernel-patches",
        "flake-compat": "flake-compat",
        "flake-parts": "flake-parts",
        "nixpkgs": "nixpkgs"
      },
      "locked": {
        "lastModified": 1771178105,
        "narHash": "sha256-wane+b0aW0Ryk8kjKGBik1EpJ6OTbGv8mPtZHIuwEq4=",
        "owner": "xddxdd",
        "repo": "nix-cachyos-kernel",
        "rev": "c19db21911474fb795dcf03488f563d460463dd5",
        "type": "github"
      },
      "original": {
        "owner": "xddxdd",
        "ref": "release",
        "repo": "nix-cachyos-kernel",
        "type": "github"
      }
    },
    "cachyos-kernel-patches": {
      "flake": false,
      "locked": {
        "lastModified": 1770998580,
        "narHash": "sha256-KyjnhzNFFxWoGUeoax+QHwgNohhxP1JpJTaWk9TKtUg=",
        "owner": "CachyOS",
        "repo": "kernel-patches",
        "rev": "c70ca0984ba05cc50504bda2f3a4ef56b60ab738",
        "type": "github"
      },
      "original": {
        "owner": "CachyOS",
        "repo": "kernel-patches",
        "type": "github"
      }
    },
    "cachyos-kernel_2": {
      "flake": false,
      "locked": {
        "lastModified": 1770998657,
        "narHash": "sha256-6akuxjMN7Aez099zMLYTWjGH7dXsKvgbIpuilVXHPLk=",
        "owner": "CachyOS",
        "repo": "linux-cachyos",
        "rev": "8d17474572269bf35454d4ee2cf4824c4fa80cad",
        "type": "github"
      },
      "original": {
        "owner": "CachyOS",
        "repo": "linux-cachyos",
        "type": "github"
      }
    },
    "flake-compat": {
      "flake": false,
      "locked": {
        "lastModified": 1767039857,
        "narHash": "sha256-vNpUSpF5Nuw8xvDLj2KCwwksIbjua2LZCqhV1LNRDns=",
        "owner": "NixOS",
        "repo": "flake-compat",
        "rev": "5edf11c44bc78a0d334f6334cdaf7d60d732daab",
        "type": "github"
      },
      "original": {
        "owner": "NixOS",
        "repo": "flake-compat",
        "type": "github"
      }
    },
    "flake-compat_2": {
      "flake": false,
      "locked": {
        "lastModified": 1761588595,
        "narHash": "sha256-XKUZz9zewJNUj46b4AJdiRZJAvSZ0Dqj2BNfXvFlJC4=",
        "owner": "edolstra",
        "repo": "flake-compat",
        "rev": "f387cd2afec9419c8ee37694406ca490c3f34ee5",
        "type": "github"
      },
      "original": {
        "owner": "edolstra",
        "repo": "flake-compat",
        "type": "github"
      }
    },
    "flake-parts": {
      "inputs": {
        "nixpkgs-lib": "nixpkgs-lib"
      },
      "locked": {
        "lastModified": 1769996383,
        "narHash": "sha256-AnYjnFWgS49RlqX7LrC4uA+sCCDBj0Ry/WOJ5XWAsa0=",
        "owner": "hercules-ci",
        "repo": "flake-parts",
        "rev": "57928607ea566b5db3ad13af0e57e921e6b12381",
        "type": "github"
      },
      "original": {
        "owner": "hercules-ci",
        "repo": "flake-parts",
        "type": "github"
      }
    },
    "flake-parts_2": {
      "inputs": {
        "nixpkgs-lib": "nixpkgs-lib_2"
      },
      "locked": {
        "lastModified": 1749398372,
        "narHash": "sha256-tYBdgS56eXYaWVW3fsnPQ/nFlgWi/Z2Ymhyu21zVM98=",
        "owner": "hercules-ci",
        "repo": "flake-parts",
        "rev": "9305fe4e5c2a6fcf5ba6a3ff155720fbe4076569",
        "type": "github"
      },
      "original": {
        "owner": "hercules-ci",
        "repo": "flake-parts",
        "type": "github"
      }
    },
    "flake-parts_3": {
      "inputs": {
        "nixpkgs-lib": [
          "neovim-nightly",
          "nixpkgs"
        ]
      },
      "locked": {
        "lastModified": 1769996383,
        "narHash": "sha256-AnYjnFWgS49RlqX7LrC4uA+sCCDBj0Ry/WOJ5XWAsa0=",
        "owner": "hercules-ci",
        "repo": "flake-parts",
        "rev": "57928607ea566b5db3ad13af0e57e921e6b12381",
        "type": "github"
      },
      "original": {
        "owner": "hercules-ci",
        "repo": "flake-parts",
        "type": "github"
      }
    },
    "flake-utils": {
      "inputs": {
        "systems": "systems"
      },
      "locked": {
        "lastModified": 1731533236,
        "narHash": "sha256-l0KFg5HjrsfsO/JpG+r7fRrqm12kzFHyUHqHCVpMMbI=",
        "owner": "numtide",
        "repo": "flake-utils",
        "rev": "11707dc2f618dd54ca8739b309ec4fc024de578b",
        "type": "github"
      },
      "original": {
        "owner": "numtide",
        "repo": "flake-utils",
        "type": "github"
      }
    },
    "flake-utils_2": {
      "inputs": {
        "systems": "systems_2"
      },
      "locked": {
        "lastModified": 1731533236,
        "narHash": "sha256-l0KFg5HjrsfsO/JpG+r7fRrqm12kzFHyUHqHCVpMMbI=",
        "owner": "numtide",
        "repo": "flake-utils",
        "rev": "11707dc2f618dd54ca8739b309ec4fc024de578b",
        "type": "github"
      },
      "original": {
        "owner": "numtide",
        "repo": "flake-utils",
        "type": "github"
      }
    },
    "ghostty": {
      "inputs": {
        "flake-compat": "flake-compat_2",
        "flake-utils": "flake-utils",
        "home-manager": "home-manager",
        "nixpkgs": [
          "nixpkgs"
        ],
        "zig": "zig",
        "zon2nix": "zon2nix"
      },
      "locked": {
        "lastModified": 1771179909,
        "narHash": "sha256-iM27nTouDZfwzoaQo2zcGTGNhpgNLMsZFchOaffXCwM=",
        "owner": "ghostty-org",
        "repo": "ghostty",
        "rev": "4b3037ccc6f9f2a1e34f7abb07cd27718489eda9",
        "type": "github"
      },
      "original": {
        "owner": "ghostty-org",
        "repo": "ghostty",
        "type": "github"
      }
    },
    "home-manager": {
      "inputs": {
        "nixpkgs": [
          "ghostty",
          "nixpkgs"
        ]
      },
      "locked": {
        "lastModified": 1770586272,
        "narHash": "sha256-Ucci8mu8QfxwzyfER2DQDbvW9t1BnTUJhBmY7ybralo=",
        "owner": "nix-community",
        "repo": "home-manager",
        "rev": "b1f916ba052341edc1f80d4b2399f1092a4873ca",
        "type": "github"
      },
      "original": {
        "owner": "nix-community",
        "repo": "home-manager",
        "type": "github"
      }
    },
    "home-manager_2": {
      "inputs": {
        "nixpkgs": [
          "nixpkgs"
        ]
      },
      "locked": {
        "lastModified": 1771188132,
        "narHash": "sha256-qLXxN/tPrZtnekaLBQuVtxQfvqqs5cT5WbyH4zZaTGI=",
        "owner": "nix-community",
        "repo": "home-manager",
        "rev": "ae8003d8b61d0d373e7ca3da1a48f9c870d15df9",
        "type": "github"
      },
      "original": {
        "owner": "nix-community",
        "repo": "home-manager",
        "type": "github"
      }
    },
    "mango": {
      "inputs": {
        "flake-parts": "flake-parts_2",
        "nixpkgs": [
          "nixpkgs"
        ],
        "scenefx": "scenefx"
      },
      "locked": {
        "lastModified": 1771154067,
        "narHash": "sha256-kOUIV6/yI/U1wvwBc9zCjF3IfsjChUtnJSMj/6i6348=",
        "owner": "DreamMaoMao",
        "repo": "mangowc",
        "rev": "933638d1b8a17ec2ddef1ad10865ac5929ef075b",
        "type": "github"
      },
      "original": {
        "owner": "DreamMaoMao",
        "repo": "mangowc",
        "type": "github"
      }
    },
    "neovim-nightly": {
      "inputs": {
        "flake-parts": "flake-parts_3",
        "neovim-src": "neovim-src",
        "nixpkgs": "nixpkgs_2"
      },
      "locked": {
        "lastModified": 1771113898,
        "narHash": "sha256-0t6wai1op7OUc4mAhM4BYIbfQMvYmMhW2jXP2VQ0/KA=",
        "owner": "nix-community",
        "repo": "neovim-nightly-overlay",
        "rev": "5e829d6d57633d5d56a0f351564331fca40d507b",
        "type": "github"
      },
      "original": {
        "owner": "nix-community",
        "repo": "neovim-nightly-overlay",
        "type": "github"
      }
    },
    "neovim-src": {
      "flake": false,
      "locked": {
        "lastModified": 1771089488,
        "narHash": "sha256-xHSWR7wo4GiZVWAoBlD4f2szoftfoxOCqlOu1UBL9Wc=",
        "owner": "neovim",
        "repo": "neovim",
        "rev": "8ab511bba524bcd5b5913d1b1205b5e4fe3f7210",
        "type": "github"
      },
      "original": {
        "owner": "neovim",
        "repo": "neovim",
        "type": "github"
      }
    },
    "nixpkgs": {
      "locked": {
        "lastModified": 1771129128,
        "narHash": "sha256-zi224RqZ0dlo44oOMJTzQiRdNa5sJ2UjGiDgpK4xJeM=",
        "owner": "NixOS",
        "repo": "nixpkgs",
        "rev": "626a1db9776eb9db61b1e1f394d928505162cf69",
        "type": "github"
      },
      "original": {
        "owner": "NixOS",
        "ref": "nixos-unstable-small",
        "repo": "nixpkgs",
        "type": "github"
      }
    },
    "nixpkgs-lib": {
      "locked": {
        "lastModified": 1769909678,
        "narHash": "sha256-cBEymOf4/o3FD5AZnzC3J9hLbiZ+QDT/KDuyHXVJOpM=",
        "owner": "nix-community",
        "repo": "nixpkgs.lib",
        "rev": "72716169fe93074c333e8d0173151350670b824c",
        "type": "github"
      },
      "original": {
        "owner": "nix-community",
        "repo": "nixpkgs.lib",
        "type": "github"
      }
    },
    "nixpkgs-lib_2": {
      "locked": {
        "lastModified": 1748740939,
        "narHash": "sha256-rQaysilft1aVMwF14xIdGS3sj1yHlI6oKQNBRTF40cc=",
        "owner": "nix-community",
        "repo": "nixpkgs.lib",
        "rev": "656a64127e9d791a334452c6b6606d17539476e2",
        "type": "github"
      },
      "original": {
        "owner": "nix-community",
        "repo": "nixpkgs.lib",
        "type": "github"
      }
    },
    "nixpkgs_2": {
      "locked": {
        "lastModified": 1770843696,
        "narHash": "sha256-LovWTGDwXhkfCOmbgLVA10bvsi/P8eDDpRudgk68HA8=",
        "owner": "NixOS",
        "repo": "nixpkgs",
        "rev": "2343bbb58f99267223bc2aac4fc9ea301a155a16",
        "type": "github"
      },
      "original": {
        "owner": "NixOS",
        "ref": "nixpkgs-unstable",
        "repo": "nixpkgs",
        "type": "github"
      }
    },
    "nixpkgs_3": {
      "locked": {
        "lastModified": 1771025653,
        "narHash": "sha256-Y7FxD/qS8VRBQ7lgJIbMX7HU3FQifaMkJzOPz8NFrac=",
        "owner": "nixos",
        "repo": "nixpkgs",
        "rev": "7d2ae6d8b8b697b5114a4249d0d958ee5f23d8fe",
        "type": "github"
      },
      "original": {
        "owner": "nixos",
        "ref": "nixpkgs-unstable",
        "repo": "nixpkgs",
        "type": "github"
      }
    },
    "qtile": {
      "inputs": {
        "nixpkgs": [
          "nixpkgs"
        ]
      },
      "locked": {
        "lastModified": 1771073964,
        "narHash": "sha256-i7ZB0Z1unv4/Ll9tEF8Uf3MGKxuUMEv88dUBmPJuts0=",
        "owner": "qtile",
        "repo": "qtile",
        "rev": "62d5cbdd09733506c26dc6240f76a9bfc9c770e1",
        "type": "github"
      },
      "original": {
        "owner": "qtile",
        "repo": "qtile",
        "type": "github"
      }
    },
    "root": {
      "inputs": {
        "cachyos-kernel": "cachyos-kernel",
        "ghostty": "ghostty",
        "home-manager": "home-manager_2",
        "mango": "mango",
        "neovim-nightly": "neovim-nightly",
        "nixpkgs": "nixpkgs_3",
        "qtile": "qtile",
        "yt-x": "yt-x",
        "zen-browser": "zen-browser"
      }
    },
    "scenefx": {
      "inputs": {
        "nixpkgs": [
          "mango",
          "nixpkgs"
        ]
      },
      "locked": {
        "lastModified": 1750785057,
        "narHash": "sha256-tGX6j4W91rcb+glXJo43sjPI9zQvPotonknG1BdihR4=",
        "owner": "wlrfx",
        "repo": "scenefx",
        "rev": "3a6cfb12e4ba97b43326357d14f7b3e40897adfc",
        "type": "github"
      },
      "original": {
        "owner": "wlrfx",
        "repo": "scenefx",
        "type": "github"
      }
    },
    "systems": {
      "locked": {
        "lastModified": 1681028828,
        "narHash": "sha256-Vy1rq5AaRuLzOxct8nz4T6wlgyUR7zLU309k9mBC768=",
        "owner": "nix-systems",
        "repo": "default",
        "rev": "da67096a3b9bf56a91d16901293e51ba5b49a27e",
        "type": "github"
      },
      "original": {
        "owner": "nix-systems",
        "repo": "default",
        "type": "github"
      }
    },
    "systems_2": {
      "locked": {
        "lastModified": 1681028828,
        "narHash": "sha256-Vy1rq5AaRuLzOxct8nz4T6wlgyUR7zLU309k9mBC768=",
        "owner": "nix-systems",
        "repo": "default",
        "rev": "da67096a3b9bf56a91d16901293e51ba5b49a27e",
        "type": "github"
      },
      "original": {
        "owner": "nix-systems",
        "repo": "default",
        "type": "github"
      }
    },
    "yt-x": {
      "inputs": {
        "flake-utils": "flake-utils_2",
        "nixpkgs": [
          "nixpkgs"
        ]
      },
      "locked": {
        "lastModified": 1769268657,
        "narHash": "sha256-CMZHVyEV3fTgSQbLSlvmxq+FDoMNhXeetvh43rG3En0=",
        "owner": "Benexl",
        "repo": "yt-x",
        "rev": "6aa9677fa158696f2505cabfe8fd13b473a93d77",
        "type": "github"
      },
      "original": {
        "owner": "Benexl",
        "repo": "yt-x",
        "type": "github"
      }
    },
    "zen-browser": {
      "inputs": {
        "home-manager": [
          "home-manager"
        ],
        "nixpkgs": [
          "nixpkgs"
        ]
      },
      "locked": {
        "lastModified": 1771222275,
        "narHash": "sha256-df+Un2QnDj95MQxmsnopCtSy/meWO2RDHuMGAqq3nlc=",
        "owner": "0xc000022070",
        "repo": "zen-browser-flake",
        "rev": "a20f5d0c6454b5b24a497afb280427c9af33a0be",
        "type": "github"
      },
      "original": {
        "owner": "0xc000022070",
        "repo": "zen-browser-flake",
        "type": "github"
      }
    },
    "zig": {
      "inputs": {
        "flake-compat": [
          "ghostty",
          "flake-compat"
        ],
        "flake-utils": [
          "ghostty",
          "flake-utils"
        ],
        "nixpkgs": [
          "ghostty",
          "nixpkgs"
        ]
      },
      "locked": {
        "lastModified": 1763295135,
        "narHash": "sha256-sGv/NHCmEnJivguGwB5w8LRmVqr1P72OjS+NzcJsssE=",
        "owner": "mitchellh",
        "repo": "zig-overlay",
        "rev": "64f8b42cfc615b2cf99144adf2b7728c7847c72a",
        "type": "github"
      },
      "original": {
        "owner": "mitchellh",
        "repo": "zig-overlay",
        "type": "github"
      }
    },
    "zon2nix": {
      "inputs": {
        "nixpkgs": [
          "ghostty",
          "nixpkgs"
        ]
      },
      "locked": {
        "lastModified": 1768231828,
        "narHash": "sha256-wL/8Iij4T2OLkhHcc4NieOjf7YeJffaUYbCiCqKv/+0=",
        "owner": "jcollie",
        "repo": "zon2nix",
        "rev": "c28e93f3ba133d4c1b1d65224e2eebede61fd071",
        "type": "github"
      },
      "original": {
        "owner": "jcollie",
        "repo": "zon2nix",
        "rev": "c28e93f3ba133d4c1b1d65224e2eebede61fd071",
        "type": "github"
      }
    }
  },
  "root": "root",
  "version": 7
}
